{
  "requires": true,
  "lockfileVersion": 1,
  "dependencies": {
    "@babel/runtime": {
      "version": "7.18.3",
      "resolved": "https://registry.npmjs.org/@babel/runtime/-/runtime-7.18.3.tgz",
      "integrity": "sha512-38Y8f7YUhce/K7RMwTp7m0uCumpv9hZkitCbBClqQIow1qSbCvGkcegKOXpEWCQLfWmevgRiWokZ1GkpfhbZug==",
      "requires": {
        "regenerator-runtime": "^0.13.4"
      }
    },
    "@chakra-ui/accordion": {
      "version": "2.0.6",
      "resolved": "https://registry.npmjs.org/@chakra-ui/accordion/-/accordion-2.0.6.tgz",
      "integrity": "sha512-1wPSSk2ZbiIHV4W/HMrv0t+jxiLMTDFVFd92ru8loFtU1AjNJ068OlJJs2V5hz4mbriC0nDctMxDJmT0zmPNaA==",
      "requires": {
        "@chakra-ui/descendant": "3.0.3",
        "@chakra-ui/hooks": "2.0.4",
        "@chakra-ui/icon": "3.0.4",
        "@chakra-ui/react-utils": "2.0.1",
        "@chakra-ui/transition": "2.0.4",
        "@chakra-ui/utils": "2.0.4"
      }
    },
    "@chakra-ui/alert": {
      "version": "2.0.4",
      "resolved": "https://registry.npmjs.org/@chakra-ui/alert/-/alert-2.0.4.tgz",
      "integrity": "sha512-n9YA7IivGI5DzTeSGoqjTnI+Rvk5FHRaieAJAlCoFbj+5QQQu7oOGvWRVVbe/SAYONV0yG35PBiv0zGGV0whtg==",
      "requires": {
        "@chakra-ui/icon": "3.0.4",
        "@chakra-ui/react-utils": "2.0.1",
        "@chakra-ui/spinner": "^2.0.4",
        "@chakra-ui/utils": "2.0.4"
      }
    },
    "@chakra-ui/anatomy": {
      "version": "2.0.1",
      "resolved": "https://registry.npmjs.org/@chakra-ui/anatomy/-/anatomy-2.0.1.tgz",
      "integrity": "sha512-lbOUfPmCtgIe0G7Iu6C2MaFP3FKOHgKWxDrYc3498TQ7/z5N1r7AO6jB+gFRGDbxJNLjRGOLG7tV0bufagGTUw==",
      "requires": {
        "@chakra-ui/theme-tools": "^2.0.2"
      }
    },
    "@chakra-ui/avatar": {
      "version": "2.0.5",
      "resolved": "https://registry.npmjs.org/@chakra-ui/avatar/-/avatar-2.0.5.tgz",
      "integrity": "sha512-FkheIKRUY9eltGgEyiOUIrBHQdgLA3Z/6WydIAU929SuAN2JuQnDZPH8BauTsddW+R3qhRLu1+tIC+HQtOTLxA==",
      "requires": {
        "@chakra-ui/image": "2.0.5",
        "@chakra-ui/react-utils": "2.0.1",
        "@chakra-ui/utils": "2.0.4"
      }
    },
    "@chakra-ui/breadcrumb": {
      "version": "2.0.4",
      "resolved": "https://registry.npmjs.org/@chakra-ui/breadcrumb/-/breadcrumb-2.0.4.tgz",
      "integrity": "sha512-Vr4H09I03DSGuZk3aST2af2ln69S3cO3/2E9gkzeWj3Wo3AYZrwuxUTtujmERao6EWOKlMqaA1x/hNpRubW9JA==",
      "requires": {
        "@chakra-ui/react-utils": "2.0.1",
        "@chakra-ui/utils": "2.0.4"
      }
    },
    "@chakra-ui/button": {
      "version": "2.0.4",
      "resolved": "https://registry.npmjs.org/@chakra-ui/button/-/button-2.0.4.tgz",
      "integrity": "sha512-bhae6Vw0rrwkyz72Y0//aWO80jM6VblFf9kuMnHLtO1y+I3ptWnx7jjN3865xn/PJl3lu1AzuHn67DuNuvZ2UQ==",
      "requires": {
        "@chakra-ui/hooks": "2.0.4",
        "@chakra-ui/react-utils": "2.0.1",
        "@chakra-ui/spinner": "2.0.4",
        "@chakra-ui/utils": "2.0.4"
      }
    },
    "@chakra-ui/checkbox": {
      "version": "2.1.3",
      "resolved": "https://registry.npmjs.org/@chakra-ui/checkbox/-/checkbox-2.1.3.tgz",
      "integrity": "sha512-1Nzh4ETLEuSAYm8Godgh9i1veUz559lHtvpjOkg8nrmOoN/51yyXfon0QCTJBq/1umGcHZmXrBrJgj2Wd9f+ZQ==",
      "requires": {
        "@chakra-ui/form-control": "2.0.4",
        "@chakra-ui/hooks": "2.0.4",
        "@chakra-ui/react-utils": "2.0.1",
        "@chakra-ui/utils": "2.0.4",
        "@chakra-ui/visually-hidden": "2.0.4",
        "@zag-js/focus-visible": "0.1.0"
      }
    },
    "@chakra-ui/clickable": {
      "version": "2.0.4",
      "resolved": "https://registry.npmjs.org/@chakra-ui/clickable/-/clickable-2.0.4.tgz",
      "integrity": "sha512-20otkOHNMrPMYbpRMSzX6AQBIUwbtN97ua+R0E+yG4DrgbXjOQvYyMAbSdBsKbGf0egx4c+4RlGmVf2kVA8Ahg==",
      "requires": {
        "@chakra-ui/react-utils": "2.0.1",
        "@chakra-ui/utils": "2.0.4"
      }
    },
    "@chakra-ui/close-button": {
      "version": "2.0.4",
      "resolved": "https://registry.npmjs.org/@chakra-ui/close-button/-/close-button-2.0.4.tgz",
      "integrity": "sha512-IfRJXK3ADEnnECoyE+gKGVtiIZoxtBiu17z/EeJriswV1x82Iw5ltptNUz0JoDrTD794a9YSnX7rDPI9wR5IMw==",
      "requires": {
        "@chakra-ui/icon": "3.0.4",
        "@chakra-ui/utils": "2.0.4"
      }
    },
    "@chakra-ui/color-mode": {
      "version": "2.1.2",
      "resolved": "https://registry.npmjs.org/@chakra-ui/color-mode/-/color-mode-2.1.2.tgz",
      "integrity": "sha512-HJv+Jaizsg+uyW9TIjNwvkhUdD6NEBQLabAMOAk03CNtv/k4pTc56yLwn9TCDV06pZsViDpdO+vqgbGAOXiByw==",
      "requires": {
        "@chakra-ui/hooks": "2.0.4",
        "@chakra-ui/utils": "2.0.4"
      }
    },
    "@chakra-ui/control-box": {
      "version": "2.0.4",
      "resolved": "https://registry.npmjs.org/@chakra-ui/control-box/-/control-box-2.0.4.tgz",
      "integrity": "sha512-jJD+Ka827qBlagKYzTjbKENi6+wgSowb9MHIlMybwnE6AA9qBws/lHHiUEk6S7tZW9BHMJYFeSbZFVtYaQho4A==",
      "requires": {
        "@chakra-ui/utils": "2.0.4"
      }
    },
    "@chakra-ui/counter": {
      "version": "2.0.4",
      "resolved": "https://registry.npmjs.org/@chakra-ui/counter/-/counter-2.0.4.tgz",
      "integrity": "sha512-j1y5ZJ+QVN+QotTm6SNNE0u1YFLaPyfiLu0+gspacvC/ugH9vhDwkkzqXJolkThWLbcAdL0I7J6XuAy5XOXKjA==",
      "requires": {
        "@chakra-ui/hooks": "2.0.4",
        "@chakra-ui/utils": "2.0.4"
      }
    },
    "@chakra-ui/css-reset": {
      "version": "2.0.1",
      "resolved": "https://registry.npmjs.org/@chakra-ui/css-reset/-/css-reset-2.0.1.tgz",
      "integrity": "sha512-8RhAC7l5RHp9hNDN2M2feZ2wPaoSrgxzqx6VqLTIul2lwucpp1LTlrDlPCBMJe8fp51Q83IOCW4882ktsXxktA=="
    },
    "@chakra-ui/descendant": {
      "version": "3.0.3",
      "resolved": "https://registry.npmjs.org/@chakra-ui/descendant/-/descendant-3.0.3.tgz",
      "integrity": "sha512-uI0B5BO7khb22UWE42W7n3oGjxQkdJl+H5lhX58lAOAjbNsbmd8XbIVXTO/Kb7LvS3sPimkyG8nRC9A1epq4tw==",
      "requires": {
        "@chakra-ui/react-utils": "^2.0.1"
      }
    },
    "@chakra-ui/editable": {
      "version": "2.0.4",
      "resolved": "https://registry.npmjs.org/@chakra-ui/editable/-/editable-2.0.4.tgz",
      "integrity": "sha512-Xof9NXWzs/3H5MChxcbRmttYKf7MYGDePtRrZvW4GKLhi5fjpbuhzZIeC8XV3Pm1gBCLkyG8WHj3d99SNqdNig==",
      "requires": {
        "@chakra-ui/hooks": "2.0.4",
        "@chakra-ui/react-utils": "2.0.1",
        "@chakra-ui/utils": "2.0.4"
      }
    },
    "@chakra-ui/focus-lock": {
      "version": "2.0.5",
      "resolved": "https://registry.npmjs.org/@chakra-ui/focus-lock/-/focus-lock-2.0.5.tgz",
      "integrity": "sha512-WPseFKMTlXsc6FH2L4ZcO2PJVhEqZqUfgUMNM/1PVU/oZoa0t8A2HG/cq1EGaOf/EMGzVOGc/Gz4LE712JfZhg==",
      "requires": {
        "@chakra-ui/utils": "2.0.4",
        "react-focus-lock": "^2.9.1"
      }
    },
    "@chakra-ui/form-control": {
      "version": "2.0.4",
      "resolved": "https://registry.npmjs.org/@chakra-ui/form-control/-/form-control-2.0.4.tgz",
      "integrity": "sha512-ZPeG4gWdEcZZhROQn3NNwLEWh5meq+W1Dof5iB1L2VSgZHRpCSM1G8jeZQjxZsGV8AumEhyNq4nyLu2h+fPQAg==",
      "requires": {
        "@chakra-ui/hooks": "2.0.4",
        "@chakra-ui/icon": "3.0.4",
        "@chakra-ui/react-utils": "2.0.1",
        "@chakra-ui/utils": "2.0.4"
      }
    },
    "@chakra-ui/hooks": {
      "version": "2.0.4",
      "resolved": "https://registry.npmjs.org/@chakra-ui/hooks/-/hooks-2.0.4.tgz",
      "integrity": "sha512-5FJZ6JY1449rHZdjOSq7ei8TBG5mdSeNRbGGgTxt7xteU9o6vpr3hKJy9TFjaSNPJamSMS8Lf0YXJu2R044o0w==",
      "requires": {
        "@chakra-ui/react-utils": "2.0.1",
        "@chakra-ui/utils": "2.0.4",
        "compute-scroll-into-view": "1.0.14",
        "copy-to-clipboard": "3.3.1"
      }
    },
    "@chakra-ui/icon": {
      "version": "3.0.4",
      "resolved": "https://registry.npmjs.org/@chakra-ui/icon/-/icon-3.0.4.tgz",
      "integrity": "sha512-9Ry+fa6EKRYUexffvgOJ9dRIkxCSnASgdSnb09EbQTgCTeM+47LUsxR2+r8pbY6ZT5D4m2zRLkTrv7O7icoyOw==",
      "requires": {
        "@chakra-ui/utils": "2.0.4"
      }
    },
    "@chakra-ui/image": {
      "version": "2.0.5",
      "resolved": "https://registry.npmjs.org/@chakra-ui/image/-/image-2.0.5.tgz",
      "integrity": "sha512-1+/VjzjNv9moxrydsEryVhl3NOPxK1xr7BMd1UmPCp4g8ZZNNFmEah2FiL7GDVBdf2I4/e/2xMCUpndJJiIlCQ==",
      "requires": {
        "@chakra-ui/hooks": "2.0.4",
        "@chakra-ui/utils": "2.0.4"
      }
    },
    "@chakra-ui/input": {
      "version": "2.0.4",
      "resolved": "https://registry.npmjs.org/@chakra-ui/input/-/input-2.0.4.tgz",
      "integrity": "sha512-fzRFSt7ZFfZ71Tgq0xFHR32R4km8bpfV5kSlFZe/XnmLcCI7/oRRnHK/aa7GZyz2k5QpvvBe2TkqKjVAlv3jNA==",
      "requires": {
        "@chakra-ui/form-control": "2.0.4",
        "@chakra-ui/react-utils": "2.0.1",
        "@chakra-ui/utils": "2.0.4"
      }
    },
    "@chakra-ui/layout": {
      "version": "2.1.1",
      "resolved": "https://registry.npmjs.org/@chakra-ui/layout/-/layout-2.1.1.tgz",
      "integrity": "sha512-amiwbaWUkMpTh+K9QP7a24Je+C0u9x8nvf5ELyUhnZjL+J7yEe7MNRXiWIfqFNC3gszZv/7y7HiKBzKQUw0u/Q==",
      "requires": {
        "@chakra-ui/icon": "3.0.4",
        "@chakra-ui/react-utils": "2.0.1",
        "@chakra-ui/utils": "2.0.4"
      }
    },
    "@chakra-ui/live-region": {
      "version": "2.0.4",
      "resolved": "https://registry.npmjs.org/@chakra-ui/live-region/-/live-region-2.0.4.tgz",
      "integrity": "sha512-zOu+MzwRdgV+wMXMW+FOY7iL3vs/jdfAEJlNnfI1Lx4LFJ4FnjegvLjOOamOwtPJTh5ZkeUsyZctndrxH8agQQ==",
      "requires": {
        "@chakra-ui/utils": "2.0.4"
      }
    },
    "@chakra-ui/media-query": {
      "version": "3.2.0",
      "resolved": "https://registry.npmjs.org/@chakra-ui/media-query/-/media-query-3.2.0.tgz",
      "integrity": "sha512-rSqEmegTXojNtY4wJQyl7yceLK4oHMJBnTKLZOkdKnxgWTgcTgkH26MZaP/FeJJBMijRPEN5qoy2KN1lCIVEmg==",
      "requires": {
        "@chakra-ui/react-env": "2.0.4",
        "@chakra-ui/utils": "2.0.4"
      }
    },
    "@chakra-ui/menu": {
      "version": "2.0.6",
      "resolved": "https://registry.npmjs.org/@chakra-ui/menu/-/menu-2.0.6.tgz",
      "integrity": "sha512-VcucCiDwOZg5iCP+7sP22H4uPz3/qE22Jo2A48hPPneb9MPmYkZxIBRJyB0wvbWmkRHAkyiLYNwHM0qk0wpp+g==",
      "requires": {
        "@chakra-ui/clickable": "2.0.4",
        "@chakra-ui/descendant": "3.0.3",
        "@chakra-ui/hooks": "2.0.4",
        "@chakra-ui/popper": "3.0.2",
        "@chakra-ui/react-utils": "2.0.1",
        "@chakra-ui/transition": "2.0.4",
        "@chakra-ui/utils": "2.0.4"
      }
    },
    "@chakra-ui/modal": {
      "version": "2.1.2",
      "resolved": "https://registry.npmjs.org/@chakra-ui/modal/-/modal-2.1.2.tgz",
      "integrity": "sha512-kstt5xM8rqmSkFU1CrY6qD1iv+5tXa0IsLGAN1lyDu4MSphPSMfcBHcKTXTgrsRLHVc8bVCWWAQuJQSKt0G0jw==",
      "requires": {
        "@chakra-ui/close-button": "2.0.4",
        "@chakra-ui/focus-lock": "2.0.5",
        "@chakra-ui/hooks": "2.0.4",
        "@chakra-ui/portal": "2.0.4",
        "@chakra-ui/react-utils": "2.0.1",
        "@chakra-ui/transition": "2.0.4",
        "@chakra-ui/utils": "2.0.4",
        "aria-hidden": "^1.1.1",
        "react-remove-scroll": "^2.5.4"
      }
    },
    "@chakra-ui/number-input": {
      "version": "2.0.4",
      "resolved": "https://registry.npmjs.org/@chakra-ui/number-input/-/number-input-2.0.4.tgz",
      "integrity": "sha512-VYgUhqchKFpMGE05EogTIxOIKLUdgdm+X+ciNbn1mhfoP+4zoEZlTobGUm+9xel6ojsAVVlnXPDv1jWMBQ5SJg==",
      "requires": {
        "@chakra-ui/counter": "2.0.4",
        "@chakra-ui/form-control": "2.0.4",
        "@chakra-ui/hooks": "2.0.4",
        "@chakra-ui/icon": "3.0.4",
        "@chakra-ui/react-utils": "2.0.1",
        "@chakra-ui/utils": "2.0.4"
      }
    },
    "@chakra-ui/pin-input": {
      "version": "2.0.6",
      "resolved": "https://registry.npmjs.org/@chakra-ui/pin-input/-/pin-input-2.0.6.tgz",
      "integrity": "sha512-CVpgvTDqkBoVU860PHN1xHNpcj21tXaur5mjJkcMh2/HnMQ5Dq4Z+69crkQfGIG7NV5XtVasJo7+DWYRaDCZGw==",
      "requires": {
        "@chakra-ui/descendant": "3.0.3",
        "@chakra-ui/hooks": "2.0.4",
        "@chakra-ui/react-utils": "2.0.1",
        "@chakra-ui/utils": "2.0.4"
      }
    },
    "@chakra-ui/popover": {
      "version": "2.0.4",
      "resolved": "https://registry.npmjs.org/@chakra-ui/popover/-/popover-2.0.4.tgz",
      "integrity": "sha512-sA4HHnaVBLUpgUoe/s82A+T2BRQ9Hb3+XsLvAbrqOwLc16Jh3FZfS9a02fNokbOWs6NDioslgbSoeTvv5yqOOQ==",
      "requires": {
        "@chakra-ui/close-button": "2.0.4",
        "@chakra-ui/hooks": "2.0.4",
        "@chakra-ui/popper": "3.0.2",
        "@chakra-ui/react-utils": "2.0.1",
        "@chakra-ui/utils": "2.0.4"
      }
    },
    "@chakra-ui/popper": {
      "version": "3.0.2",
      "resolved": "https://registry.npmjs.org/@chakra-ui/popper/-/popper-3.0.2.tgz",
      "integrity": "sha512-oEUsaFR4EPY3CvhEVeZNoa+mA/w+TvLlG3xlicIwv/3Fcfl6LD2Jhr6utnqAvHFxE/qRcUcXLX20ovy0Zrgm/Q==",
      "requires": {
        "@chakra-ui/react-utils": "2.0.1",
        "@popperjs/core": "^2.9.3"
      }
    },
    "@chakra-ui/portal": {
      "version": "2.0.4",
      "resolved": "https://registry.npmjs.org/@chakra-ui/portal/-/portal-2.0.4.tgz",
      "integrity": "sha512-4h/brmPQBMK2ZtpqqSOGIMfg/oRmfmPeDI61n4cN5WgatarkxEzrIJUoNJHIYHl8Da0TmoFzyhgV6ESm1SHLJg==",
      "requires": {
        "@chakra-ui/hooks": "2.0.4",
        "@chakra-ui/react-utils": "2.0.1",
        "@chakra-ui/utils": "2.0.4"
      }
    },
    "@chakra-ui/progress": {
      "version": "2.0.5",
      "resolved": "https://registry.npmjs.org/@chakra-ui/progress/-/progress-2.0.5.tgz",
      "integrity": "sha512-GKeIxL6YEHrN6sX7rPce6TtYKtqkBDQ0r4b3WeOt3CaEhzSm1zMQMni0Zl5xdQp2BhaEQ3ZgEydxdsxDnr1PPQ==",
      "requires": {
        "@chakra-ui/theme-tools": "2.0.5",
        "@chakra-ui/utils": "2.0.4"
      }
    },
    "@chakra-ui/provider": {
      "version": "2.0.9",
      "resolved": "https://registry.npmjs.org/@chakra-ui/provider/-/provider-2.0.9.tgz",
      "integrity": "sha512-RWa5lULY2yz/PbaipmYq9bjyMouyQjHBKpu/zpCsML5j13JI4QonW7D26Sm0sDE67RJVaopCzFv0I4B6X2TMCw==",
      "requires": {
        "@chakra-ui/css-reset": "2.0.1",
        "@chakra-ui/portal": "2.0.4",
        "@chakra-ui/react-env": "2.0.4",
        "@chakra-ui/system": "2.2.2",
        "@chakra-ui/utils": "2.0.4"
      }
    },
    "@chakra-ui/radio": {
      "version": "2.0.5",
      "resolved": "https://registry.npmjs.org/@chakra-ui/radio/-/radio-2.0.5.tgz",
      "integrity": "sha512-IF3hITdx73tOX9+9E8I9FWPnIYOEjik2aobBlAxBbts9YvIGJLpquQOEfjlf10moZh7B8hGLQMdlqE56snzwpQ==",
      "requires": {
        "@chakra-ui/form-control": "2.0.4",
        "@chakra-ui/hooks": "2.0.4",
        "@chakra-ui/react-utils": "2.0.1",
        "@chakra-ui/utils": "2.0.4",
        "@chakra-ui/visually-hidden": "2.0.4",
        "@zag-js/focus-visible": "0.1.0"
      }
    },
    "@chakra-ui/react": {
      "version": "2.2.4",
      "resolved": "https://registry.npmjs.org/@chakra-ui/react/-/react-2.2.4.tgz",
      "integrity": "sha512-YlpDn2nNU3HT/Smtziya7R+WyENbzSzrKFibC49zxR9v1D7LBzXHiwKJCokvDQ/NsjEVHz0zwyZiVnJtUnNXsQ==",
      "requires": {
        "@chakra-ui/accordion": "2.0.6",
        "@chakra-ui/alert": "2.0.4",
        "@chakra-ui/avatar": "2.0.5",
        "@chakra-ui/breadcrumb": "2.0.4",
        "@chakra-ui/button": "2.0.4",
        "@chakra-ui/checkbox": "2.1.3",
        "@chakra-ui/close-button": "2.0.4",
        "@chakra-ui/control-box": "2.0.4",
        "@chakra-ui/counter": "2.0.4",
        "@chakra-ui/css-reset": "2.0.1",
        "@chakra-ui/editable": "2.0.4",
        "@chakra-ui/form-control": "2.0.4",
        "@chakra-ui/hooks": "2.0.4",
        "@chakra-ui/icon": "3.0.4",
        "@chakra-ui/image": "2.0.5",
        "@chakra-ui/input": "2.0.4",
        "@chakra-ui/layout": "2.1.1",
        "@chakra-ui/live-region": "2.0.4",
        "@chakra-ui/media-query": "3.2.0",
        "@chakra-ui/menu": "2.0.6",
        "@chakra-ui/modal": "2.1.2",
        "@chakra-ui/number-input": "2.0.4",
        "@chakra-ui/pin-input": "2.0.6",
        "@chakra-ui/popover": "2.0.4",
        "@chakra-ui/popper": "3.0.2",
        "@chakra-ui/portal": "2.0.4",
        "@chakra-ui/progress": "2.0.5",
        "@chakra-ui/provider": "2.0.9",
        "@chakra-ui/radio": "2.0.5",
        "@chakra-ui/react-env": "2.0.4",
        "@chakra-ui/select": "2.0.4",
        "@chakra-ui/skeleton": "2.0.9",
        "@chakra-ui/slider": "2.0.4",
        "@chakra-ui/spinner": "2.0.4",
        "@chakra-ui/stat": "2.0.4",
        "@chakra-ui/switch": "2.0.6",
        "@chakra-ui/system": "2.2.2",
        "@chakra-ui/table": "2.0.4",
        "@chakra-ui/tabs": "2.0.6",
        "@chakra-ui/tag": "2.0.4",
        "@chakra-ui/textarea": "2.0.5",
        "@chakra-ui/theme": "2.1.3",
        "@chakra-ui/toast": "3.0.2",
        "@chakra-ui/tooltip": "2.0.5",
        "@chakra-ui/transition": "2.0.4",
        "@chakra-ui/utils": "2.0.4",
        "@chakra-ui/visually-hidden": "2.0.4"
      }
    },
    "@chakra-ui/react-env": {
      "version": "2.0.4",
      "resolved": "https://registry.npmjs.org/@chakra-ui/react-env/-/react-env-2.0.4.tgz",
      "integrity": "sha512-qiLQOr966BLX9zORn4UXpcfYD7zF8DphdfkzW1MPPRj9Iufsf96NliHSuz8XBmnLFdFP0cKHXs0hUOaGkkernw==",
      "requires": {
        "@chakra-ui/utils": "2.0.4"
      }
    },
    "@chakra-ui/react-utils": {
      "version": "2.0.1",
      "resolved": "https://registry.npmjs.org/@chakra-ui/react-utils/-/react-utils-2.0.1.tgz",
      "integrity": "sha512-xLiTn7WeUo2e3zvo8zUGpICgIGsLCPpkVbjEKhr1jAV41urqEtwlLc6uGir595OYqAC8zFDqs4HXhHouqNEtiw==",
      "requires": {
        "@chakra-ui/utils": "^2.0.2"
      }
    },
    "@chakra-ui/select": {
      "version": "2.0.4",
      "resolved": "https://registry.npmjs.org/@chakra-ui/select/-/select-2.0.4.tgz",
      "integrity": "sha512-ta1yX8EffhdH3RcNOI9RxCdYZ2hHvEwJXBnr3pW6gf7asw/jNlTyBmmSUAddHp1j9YwKfT9F5jkKmtovNdrpdA==",
      "requires": {
        "@chakra-ui/form-control": "2.0.4",
        "@chakra-ui/utils": "2.0.4"
      }
    },
    "@chakra-ui/skeleton": {
      "version": "2.0.9",
      "resolved": "https://registry.npmjs.org/@chakra-ui/skeleton/-/skeleton-2.0.9.tgz",
      "integrity": "sha512-bdblqZ/quq1GN0DBC1baj8DqpLkA3wfVnxvR6QVA9Qy/KgnvRiMWe/xiwXKAq8Tnkoxco94ACIk7M1m0tWjJZA==",
      "requires": {
        "@chakra-ui/hooks": "2.0.4",
        "@chakra-ui/media-query": "3.2.0",
        "@chakra-ui/system": "2.2.2",
        "@chakra-ui/utils": "2.0.4"
      }
    },
    "@chakra-ui/slider": {
      "version": "2.0.4",
      "resolved": "https://registry.npmjs.org/@chakra-ui/slider/-/slider-2.0.4.tgz",
      "integrity": "sha512-bNhysW59KTpEl88Q/kNKCmfh2KZWJipFRIYxjE0IJQ+slesET3qgRWwqtdEVl4mutmDkzTyoSKRuBYCdS6HO0A==",
      "requires": {
        "@chakra-ui/hooks": "2.0.4",
        "@chakra-ui/react-utils": "2.0.1",
        "@chakra-ui/utils": "2.0.4"
      }
    },
    "@chakra-ui/spinner": {
      "version": "2.0.4",
      "resolved": "https://registry.npmjs.org/@chakra-ui/spinner/-/spinner-2.0.4.tgz",
      "integrity": "sha512-BEUBgo6/6s+D9fo5vrkxLbPYNIPPZXVQNV+h1umnHNbZx9t6BDP/j4YAadboCEySidVGFZ+kfRq1mz4/XHgKZw==",
      "requires": {
        "@chakra-ui/utils": "2.0.4",
        "@chakra-ui/visually-hidden": "2.0.4"
      }
    },
    "@chakra-ui/stat": {
      "version": "2.0.4",
      "resolved": "https://registry.npmjs.org/@chakra-ui/stat/-/stat-2.0.4.tgz",
      "integrity": "sha512-zSBZcbdlBQtB8KVPr4jhrguvubuOUoR545PjRNnMTECDyg+Ff3sWzU4tB1RG7Cy/L7hObgYvQHfpAHZ+CdoAmA==",
      "requires": {
        "@chakra-ui/icon": "3.0.4",
        "@chakra-ui/utils": "2.0.4",
        "@chakra-ui/visually-hidden": "2.0.4"
      }
    },
    "@chakra-ui/styled-system": {
      "version": "2.2.3",
      "resolved": "https://registry.npmjs.org/@chakra-ui/styled-system/-/styled-system-2.2.3.tgz",
      "integrity": "sha512-zbXJ2ytVQC944tuDBgm+Ya+KBYFkcsK/EzKq61TBk/AAPt/BNwC9/CNF9fuEVf7+p45cZvKdCyu27UewlUiXuA==",
      "requires": {
        "@chakra-ui/utils": "2.0.4",
        "csstype": "^3.0.11"
      }
    },
    "@chakra-ui/switch": {
      "version": "2.0.6",
      "resolved": "https://registry.npmjs.org/@chakra-ui/switch/-/switch-2.0.6.tgz",
      "integrity": "sha512-agjRFu0Fy5u0D8MUdckpIen7jQFkYRg08xOWX57VXQEEJN7L8Pe5hF57aig65TXZMXQTcLB2ss6pQFYYDbt3cQ==",
      "requires": {
        "@chakra-ui/checkbox": "2.1.3",
        "@chakra-ui/utils": "2.0.4"
      }
    },
    "@chakra-ui/system": {
      "version": "2.2.2",
      "resolved": "https://registry.npmjs.org/@chakra-ui/system/-/system-2.2.2.tgz",
      "integrity": "sha512-lo7QZSGNhw0HhvVYGRdP5cCllM6j5UL0S1syYu0gHhqNVu5qUrdpxpGsYqYK0MP7T16YReUoolPdz5UNVxVuLg==",
      "requires": {
        "@chakra-ui/color-mode": "2.1.2",
        "@chakra-ui/react-utils": "2.0.1",
        "@chakra-ui/styled-system": "2.2.3",
        "@chakra-ui/utils": "2.0.4",
        "react-fast-compare": "3.2.0"
      }
    },
    "@chakra-ui/table": {
      "version": "2.0.4",
      "resolved": "https://registry.npmjs.org/@chakra-ui/table/-/table-2.0.4.tgz",
      "integrity": "sha512-Y+YddfpCbmT5D/QMdqM30zWQzwIif63fOB82TSHL2/OMJ6w4Y3fbDtVOLj1MFnTjCOi774nv15/3vHELioOSwA==",
      "requires": {
        "@chakra-ui/utils": "2.0.4"
      }
    },
    "@chakra-ui/tabs": {
      "version": "2.0.6",
      "resolved": "https://registry.npmjs.org/@chakra-ui/tabs/-/tabs-2.0.6.tgz",
      "integrity": "sha512-N9vHRJ1fW27sa+SFgPVeiOoTpmbtEQEC4EHeoBzfw9ZaJl5E3YL4FBWCRVoIVY+/HgukmJGvHpCG7DDrzfBfEA==",
      "requires": {
        "@chakra-ui/clickable": "2.0.4",
        "@chakra-ui/descendant": "3.0.3",
        "@chakra-ui/hooks": "2.0.4",
        "@chakra-ui/react-utils": "2.0.1",
        "@chakra-ui/utils": "2.0.4"
      }
    },
    "@chakra-ui/tag": {
      "version": "2.0.4",
      "resolved": "https://registry.npmjs.org/@chakra-ui/tag/-/tag-2.0.4.tgz",
      "integrity": "sha512-OF6jpaDDlgQqN58B3K+pIEbWLRWXDm3LuqzM6Z/YIYL9numMIpxO0mZgyFsJQWvC4ldpGTf3olAvI/3KEHxSvA==",
      "requires": {
        "@chakra-ui/icon": "3.0.4",
        "@chakra-ui/utils": "2.0.4"
      }
    },
    "@chakra-ui/textarea": {
      "version": "2.0.5",
      "resolved": "https://registry.npmjs.org/@chakra-ui/textarea/-/textarea-2.0.5.tgz",
      "integrity": "sha512-Pwh6F0Ev1RjdyqN71VNv8LSDwaL68U27KNSCsPWry5NaRvseb0ncS5/wuvBVRCsBy2Kcc2BJxIBbNR4oxAQ1Fg==",
      "requires": {
        "@chakra-ui/form-control": "2.0.4",
        "@chakra-ui/utils": "2.0.4"
      }
    },
    "@chakra-ui/theme": {
      "version": "2.1.3",
      "resolved": "https://registry.npmjs.org/@chakra-ui/theme/-/theme-2.1.3.tgz",
      "integrity": "sha512-YRuw6D1xR2r2d09PVC4o7iNhxekqTkwq0P38Vn9UyLURXKnguYwkPXcJF3+ZcIPypqaROPPaOGOdtpwO7A/CjQ==",
      "requires": {
        "@chakra-ui/anatomy": "2.0.1",
        "@chakra-ui/theme-tools": "2.0.5",
        "@chakra-ui/utils": "2.0.4"
      }
    },
    "@chakra-ui/theme-tools": {
      "version": "2.0.5",
      "resolved": "https://registry.npmjs.org/@chakra-ui/theme-tools/-/theme-tools-2.0.5.tgz",
      "integrity": "sha512-JuFKYWfVnZKnX95sM05a/0NpTzwciPTAZXfAJYwDOiy4EEqXUgEQpkHxOjC929wpzIVb3Q2Wa/HvS1v8C2f+mw==",
      "requires": {
        "@chakra-ui/utils": "2.0.4",
        "@ctrl/tinycolor": "^3.4.0"
      }
    },
    "@chakra-ui/toast": {
      "version": "3.0.2",
      "resolved": "https://registry.npmjs.org/@chakra-ui/toast/-/toast-3.0.2.tgz",
      "integrity": "sha512-MGUwgNMDevys6EVoEJDMs7S+5pAefx8ikdtMzOXB21RPs6J46EaOcmtZDIgxglUPTEF1QX2NzBFA+ObS2oklWQ==",
      "requires": {
        "@chakra-ui/alert": "2.0.4",
        "@chakra-ui/close-button": "2.0.4",
        "@chakra-ui/hooks": "2.0.4",
        "@chakra-ui/portal": "2.0.4",
        "@chakra-ui/react-utils": "2.0.1",
        "@chakra-ui/theme": "2.1.3",
        "@chakra-ui/transition": "2.0.4",
        "@chakra-ui/utils": "2.0.4"
      }
    },
    "@chakra-ui/tooltip": {
      "version": "2.0.5",
      "resolved": "https://registry.npmjs.org/@chakra-ui/tooltip/-/tooltip-2.0.5.tgz",
      "integrity": "sha512-I2+sT0+jAl98ggbUikKk/5mZsLeMjQYeGF7P5OwVzD8NWjtLwjJC75bmkw7c53V5FQKGB1z76T13asWfy5vmdg==",
      "requires": {
        "@chakra-ui/hooks": "2.0.4",
        "@chakra-ui/popper": "3.0.2",
        "@chakra-ui/portal": "2.0.4",
        "@chakra-ui/react-utils": "2.0.1",
        "@chakra-ui/utils": "2.0.4",
        "@chakra-ui/visually-hidden": "2.0.4"
      }
    },
    "@chakra-ui/transition": {
      "version": "2.0.4",
      "resolved": "https://registry.npmjs.org/@chakra-ui/transition/-/transition-2.0.4.tgz",
      "integrity": "sha512-k9/01frV/Z6iEt68lfz8PLYiPoWC9N99Uo6XYQjw17kcguVxJoliq35sUharVcQJneVi5bmKTp9974/3drFDBw==",
      "requires": {
        "@chakra-ui/utils": "2.0.4"
      }
    },
    "@chakra-ui/utils": {
      "version": "2.0.4",
      "resolved": "https://registry.npmjs.org/@chakra-ui/utils/-/utils-2.0.4.tgz",
      "integrity": "sha512-pr5qFTrhCja1iQTajOr2WSvb+f4lpnLnnxWOSYOuIv7k8LBEtee4LpTs0jzBBB/vycuo6ppKdXyj7db9xTqZfA==",
      "requires": {
        "@types/lodash.mergewith": "4.6.6",
        "css-box-model": "1.2.1",
        "framesync": "5.3.0",
        "lodash.mergewith": "4.6.2"
      }
    },
    "@chakra-ui/visually-hidden": {
      "version": "2.0.4",
      "resolved": "https://registry.npmjs.org/@chakra-ui/visually-hidden/-/visually-hidden-2.0.4.tgz",
      "integrity": "sha512-7JVHdMnyvpUnC8EkWtI7tE/NZWoVVHR35KLG/tmCEC4ZzNN7oINTYgQ70ALYKMNM3A2PrXdpbVjeBe4afn8UQQ==",
      "requires": {
        "@chakra-ui/utils": "2.0.4"
      }
    },
    "@ctrl/tinycolor": {
      "version": "3.4.1",
      "resolved": "https://registry.npmjs.org/@ctrl/tinycolor/-/tinycolor-3.4.1.tgz",
      "integrity": "sha512-ej5oVy6lykXsvieQtqZxCOaLT+xD4+QNarq78cIYISHmZXshCvROLudpQN3lfL8G0NL7plMSSK+zlyvCaIJ4Iw=="
    },
    "@popperjs/core": {
      "version": "2.11.5",
      "resolved": "https://registry.npmjs.org/@popperjs/core/-/core-2.11.5.tgz",
      "integrity": "sha512-9X2obfABZuDVLCgPK9aX0a/x4jaOEweTTWE2+9sr0Qqqevj2Uv5XorvusThmc9XGYpS9yI+fhh8RTafBtGposw=="
    },
    "@types/lodash": {
      "version": "4.14.182",
      "resolved": "https://registry.npmjs.org/@types/lodash/-/lodash-4.14.182.tgz",
      "integrity": "sha512-/THyiqyQAP9AfARo4pF+aCGcyiQ94tX/Is2I7HofNRqoYLgN1PBoOWu2/zTA5zMxzP5EFutMtWtGAFRKUe961Q=="
    },
    "@types/lodash.mergewith": {
      "version": "4.6.6",
      "resolved": "https://registry.npmjs.org/@types/lodash.mergewith/-/lodash.mergewith-4.6.6.tgz",
      "integrity": "sha512-RY/8IaVENjG19rxTZu9Nukqh0W2UrYgmBj5sdns4hWRZaV8PqR7wIKHFKzvOTjo4zVRV7sVI+yFhAJql12Kfqg==",
      "requires": {
        "@types/lodash": "*"
      }
    },
    "@zag-js/focus-visible": {
      "version": "0.1.0",
      "resolved": "https://registry.npmjs.org/@zag-js/focus-visible/-/focus-visible-0.1.0.tgz",
      "integrity": "sha512-PeaBcTmdZWcFf7n1aM+oiOdZc+sy14qi0emPIeUuGMTjbP0xLGrZu43kdpHnWSXy7/r4Ubp/vlg50MCV8+9Isg=="
    },
    "aria-hidden": {
      "version": "1.1.3",
      "resolved": "https://registry.npmjs.org/aria-hidden/-/aria-hidden-1.1.3.tgz",
      "integrity": "sha512-RhVWFtKH5BiGMycI72q2RAFMLQi8JP9bLuQXgR5a8Znp7P5KOIADSJeyfI8PCVxLEp067B2HbP5JIiI/PXIZeA==",
      "requires": {
        "tslib": "^1.0.0"
      },
      "dependencies": {
        "tslib": {
          "version": "1.14.1",
          "resolved": "https://registry.npmjs.org/tslib/-/tslib-1.14.1.tgz",
          "integrity": "sha512-Xni35NKzjgMrwevysHTCArtLDpPvye8zV/0E4EyYn43P7/7qvQwPh9BGkHewbMulVntbigmcT7rdX3BNo9wRJg=="
        }
      }
    },
    "asynckit": {
      "version": "0.4.0",
      "resolved": "https://registry.npmjs.org/asynckit/-/asynckit-0.4.0.tgz",
      "integrity": "sha512-Oei9OH4tRh0YqU3GxhX79dM/mwVgvbZJaSNaRk+bshkj0S5cfHcgYakreBjrHwatXKbz+IoIdYLxrKim2MjW0Q=="
    },
    "axios": {
      "version": "0.27.2",
      "resolved": "https://registry.npmjs.org/axios/-/axios-0.27.2.tgz",
      "integrity": "sha512-t+yRIyySRTp/wua5xEr+z1q60QmLq8ABsS5O9Me1AsE5dfKqgnCFzwiCZZ/cGNd1lq4/7akDWMxdhVlucjmnOQ==",
      "requires": {
        "follow-redirects": "^1.14.9",
        "form-data": "^4.0.0"
      }
    },
    "combined-stream": {
      "version": "1.0.8",
      "resolved": "https://registry.npmjs.org/combined-stream/-/combined-stream-1.0.8.tgz",
      "integrity": "sha512-FQN4MRfuJeHf7cBbBMJFXhKSDq+2kAArBlmRBvcvFE5BB1HZKXtSFASDhdlz9zOYwxh8lDdnvmMOe/+5cdoEdg==",
      "requires": {
        "delayed-stream": "~1.0.0"
      }
    },
    "compute-scroll-into-view": {
      "version": "1.0.14",
      "resolved": "https://registry.npmjs.org/compute-scroll-into-view/-/compute-scroll-into-view-1.0.14.tgz",
      "integrity": "sha512-mKDjINe3tc6hGelUMNDzuhorIUZ7kS7BwyY0r2wQd2HOH2tRuJykiC06iSEX8y1TuhNzvz4GcJnK16mM2J1NMQ=="
    },
    "copy-to-clipboard": {
      "version": "3.3.1",
      "resolved": "https://registry.npmjs.org/copy-to-clipboard/-/copy-to-clipboard-3.3.1.tgz",
      "integrity": "sha512-i13qo6kIHTTpCm8/Wup+0b1mVWETvu2kIMzKoK8FpkLkFxlt0znUAHcMzox+T8sPlqtZXq3CulEjQHsYiGFJUw==",
      "requires": {
        "toggle-selection": "^1.0.6"
      }
    },
    "css-box-model": {
      "version": "1.2.1",
      "resolved": "https://registry.npmjs.org/css-box-model/-/css-box-model-1.2.1.tgz",
      "integrity": "sha512-a7Vr4Q/kd/aw96bnJG332W9V9LkJO69JRcaCYDUqjp6/z0w6VcZjgAcTbgFxEPfBgdnAwlh3iwu+hLopa+flJw==",
      "requires": {
        "tiny-invariant": "^1.0.6"
      }
    },
    "csstype": {
      "version": "3.1.0",
      "resolved": "https://registry.npmjs.org/csstype/-/csstype-3.1.0.tgz",
      "integrity": "sha512-uX1KG+x9h5hIJsaKR9xHUeUraxf8IODOwq9JLNPq6BwB04a/xgpq3rcx47l5BZu5zBPlgD342tdke3Hom/nJRA=="
    },
    "delayed-stream": {
      "version": "1.0.0",
      "resolved": "https://registry.npmjs.org/delayed-stream/-/delayed-stream-1.0.0.tgz",
      "integrity": "sha512-ZySD7Nf91aLB0RxL4KGrKHBXl7Eds1DAmEdcoVawXnLD7SDhpNgtuII2aAkg7a7QS41jxPSZ17p4VdGnMHk3MQ=="
    },
    "detect-node-es": {
      "version": "1.1.0",
      "resolved": "https://registry.npmjs.org/detect-node-es/-/detect-node-es-1.1.0.tgz",
      "integrity": "sha512-ypdmJU/TbBby2Dxibuv7ZLW3Bs1QEmM7nHjEANfohJLvE0XVujisn1qPJcZxg+qDucsr+bP6fLD1rPS3AhJ7EQ=="
    },
    "focus-lock": {
      "version": "0.11.2",
      "resolved": "https://registry.npmjs.org/focus-lock/-/focus-lock-0.11.2.tgz",
      "integrity": "sha512-pZ2bO++NWLHhiKkgP1bEXHhR1/OjVcSvlCJ98aNJDFeb7H5OOQaO+SKOZle6041O9rv2tmbrO4JzClAvDUHf0g==",
      "requires": {
        "tslib": "^2.0.3"
      }
    },
    "follow-redirects": {
      "version": "1.15.1",
      "resolved": "https://registry.npmjs.org/follow-redirects/-/follow-redirects-1.15.1.tgz",
      "integrity": "sha512-yLAMQs+k0b2m7cVxpS1VKJVvoz7SS9Td1zss3XRwXj+ZDH00RJgnuLx7E44wx02kQLrdM3aOOy+FpzS7+8OizA=="
    },
    "form-data": {
      "version": "4.0.0",
      "resolved": "https://registry.npmjs.org/form-data/-/form-data-4.0.0.tgz",
      "integrity": "sha512-ETEklSGi5t0QMZuiXoA/Q6vcnxcLQP5vdugSpuAyi6SVGi2clPPp+xgEhuMaHC+zGgn31Kd235W35f7Hykkaww==",
      "requires": {
        "asynckit": "^0.4.0",
        "combined-stream": "^1.0.8",
        "mime-types": "^2.1.12"
      }
    },
    "framesync": {
      "version": "5.3.0",
      "resolved": "https://registry.npmjs.org/framesync/-/framesync-5.3.0.tgz",
      "integrity": "sha512-oc5m68HDO/tuK2blj7ZcdEBRx3p1PjrgHazL8GYEpvULhrtGIFbQArN6cQS2QhW8mitffaB+VYzMjDqBxxQeoA==",
      "requires": {
        "tslib": "^2.1.0"
      }
    },
    "get-nonce": {
      "version": "1.0.1",
      "resolved": "https://registry.npmjs.org/get-nonce/-/get-nonce-1.0.1.tgz",
      "integrity": "sha512-FJhYRoDaiatfEkUK8HKlicmu/3SGFD51q3itKDGoSTysQJBnfOcxU5GxnhE1E6soB76MbT0MBtnKJuXyAx+96Q=="
    },
    "history": {
      "version": "5.3.0",
      "resolved": "https://registry.npmjs.org/history/-/history-5.3.0.tgz",
      "integrity": "sha512-ZqaKwjjrAYUYfLG+htGaIIZ4nioX2L70ZUMIFysS3xvBsSG4x/n1V6TXV3N8ZYNuFGlDirFg32T7B6WOUPDYcQ==",
      "requires": {
        "@babel/runtime": "^7.7.6"
      }
    },
    "invariant": {
      "version": "2.2.4",
      "resolved": "https://registry.npmjs.org/invariant/-/invariant-2.2.4.tgz",
      "integrity": "sha512-phJfQVBuaJM5raOpJjSfkiD6BpbCE4Ns//LaXl6wGYtUBY83nWS6Rf9tXm2e8VaK60JEjYldbPif/A2B1C2gNA==",
      "requires": {
        "loose-envify": "^1.0.0"
      }
    },
    "js-tokens": {
      "version": "4.0.0",
      "resolved": "https://registry.npmjs.org/js-tokens/-/js-tokens-4.0.0.tgz",
      "integrity": "sha512-RdJUflcE3cUzKiMqQgsCu06FPu9UdIJO0beYbPhHN4k6apgJtifcoCtT9bcxOpYBtpD2kCM6Sbzg4CausW/PKQ=="
    },
    "lodash.mergewith": {
      "version": "4.6.2",
      "resolved": "https://registry.npmjs.org/lodash.mergewith/-/lodash.mergewith-4.6.2.tgz",
      "integrity": "sha512-GK3g5RPZWTRSeLSpgP8Xhra+pnjBC56q9FZYe1d5RN3TJ35dbkGy3YqBSMbyCrlbi+CM9Z3Jk5yTL7RCsqboyQ=="
    },
    "loose-envify": {
      "version": "1.4.0",
      "resolved": "https://registry.npmjs.org/loose-envify/-/loose-envify-1.4.0.tgz",
      "integrity": "sha512-lyuxPGr/Wfhrlem2CL/UcnUc1zcqKAImBDzukY7Y5F/yQiNdko6+fRLevlw1HgMySw7f611UIY408EtxRSoK3Q==",
      "requires": {
        "js-tokens": "^3.0.0 || ^4.0.0"
      }
    },
    "mime-db": {
      "version": "1.52.0",
      "resolved": "https://registry.npmjs.org/mime-db/-/mime-db-1.52.0.tgz",
      "integrity": "sha512-sPU4uV7dYlvtWJxwwxHD0PuihVNiE7TyAbQ5SWxDCB9mUYvOgroQOwYQQOKPJ8CIbE+1ETVlOoK1UC2nU3gYvg=="
    },
    "mime-types": {
      "version": "2.1.35",
      "resolved": "https://registry.npmjs.org/mime-types/-/mime-types-2.1.35.tgz",
      "integrity": "sha512-ZDY+bPm5zTTF+YpCrAU9nK0UgICYPT0QtT1NZWFv4s++TNkcgVaT0g6+4R2uI4MjQjzysHB1zxuWL50hzaeXiw==",
      "requires": {
        "mime-db": "1.52.0"
      }
    },
    "object-assign": {
      "version": "4.1.1",
      "resolved": "https://registry.npmjs.org/object-assign/-/object-assign-4.1.1.tgz",
      "integrity": "sha512-rJgTQnkUnH1sFw8yT6VSU3zD3sWmu6sZhIseY8VX+GRu3P6F7Fu+JNDoXfklElbLJSnc3FUQHVe4cU5hj+BcUg=="
    },
    "prop-types": {
      "version": "15.8.1",
      "resolved": "https://registry.npmjs.org/prop-types/-/prop-types-15.8.1.tgz",
      "integrity": "sha512-oj87CgZICdulUohogVAR7AjlC0327U4el4L6eAvOqCeudMDVU0NThNaV+b9Df4dXgSP1gXMTnPdhfe/2qDH5cg==",
      "requires": {
        "loose-envify": "^1.4.0",
        "object-assign": "^4.1.1",
        "react-is": "^16.13.1"
      }
    },
    "react-clientside-effect": {
      "version": "1.2.6",
      "resolved": "https://registry.npmjs.org/react-clientside-effect/-/react-clientside-effect-1.2.6.tgz",
      "integrity": "sha512-XGGGRQAKY+q25Lz9a/4EPqom7WRjz3z9R2k4jhVKA/puQFH/5Nt27vFZYql4m4NVNdUvX8PS3O7r/Zzm7cjUlg==",
      "requires": {
        "@babel/runtime": "^7.12.13"
      }
    },
    "react-fast-compare": {
      "version": "3.2.0",
      "resolved": "https://registry.npmjs.org/react-fast-compare/-/react-fast-compare-3.2.0.tgz",
      "integrity": "sha512-rtGImPZ0YyLrscKI9xTpV8psd6I8VAtjKCzQDlzyDvqJA8XOW78TXYQwNRNd8g8JZnDu8q9Fu/1v4HPAVwVdHA=="
    },
    "react-focus-lock": {
      "version": "2.9.1",
      "resolved": "https://registry.npmjs.org/react-focus-lock/-/react-focus-lock-2.9.1.tgz",
      "integrity": "sha512-pSWOQrUmiKLkffPO6BpMXN7SNKXMsuOakl652IBuALAu1esk+IcpJyM+ALcYzPTTFz1rD0R54aB9A4HuP5t1Wg==",
      "requires": {
        "@babel/runtime": "^7.0.0",
        "focus-lock": "^0.11.2",
        "prop-types": "^15.6.2",
        "react-clientside-effect": "^1.2.6",
        "use-callback-ref": "^1.3.0",
        "use-sidecar": "^1.1.2"
      }
    },
    "react-is": {
      "version": "16.13.1",
      "resolved": "https://registry.npmjs.org/react-is/-/react-is-16.13.1.tgz",
      "integrity": "sha512-24e6ynE2H+OKt4kqsOvNd8kBpV65zoxbA4BVsEOB3ARVWQki/DHzaUoC5KuON/BiccDaCCTZBuOcfZs70kR8bQ=="
    },
    "react-remove-scroll": {
      "version": "2.5.5",
      "resolved": "https://registry.npmjs.org/react-remove-scroll/-/react-remove-scroll-2.5.5.tgz",
      "integrity": "sha512-ImKhrzJJsyXJfBZ4bzu8Bwpka14c/fQt0k+cyFp/PBhTfyDnU5hjOtM4AG/0AMyy8oKzOTR0lDgJIM7pYXI0kw==",
      "requires": {
        "react-remove-scroll-bar": "^2.3.3",
        "react-style-singleton": "^2.2.1",
        "tslib": "^2.1.0",
        "use-callback-ref": "^1.3.0",
        "use-sidecar": "^1.1.2"
      }
    },
    "react-remove-scroll-bar": {
      "version": "2.3.3",
      "resolved": "https://registry.npmjs.org/react-remove-scroll-bar/-/react-remove-scroll-bar-2.3.3.tgz",
      "integrity": "sha512-i9GMNWwpz8XpUpQ6QlevUtFjHGqnPG4Hxs+wlIJntu/xcsZVEpJcIV71K3ZkqNy2q3GfgvkD7y6t/Sv8ofYSbw==",
      "requires": {
        "react-style-singleton": "^2.2.1",
        "tslib": "^2.0.0"
      }
    },
    "react-router": {
      "version": "6.3.0",
      "resolved": "https://registry.npmjs.org/react-router/-/react-router-6.3.0.tgz",
      "integrity": "sha512-7Wh1DzVQ+tlFjkeo+ujvjSqSJmkt1+8JO+T5xklPlgrh70y7ogx75ODRW0ThWhY7S+6yEDks8TYrtQe/aoboBQ==",
      "requires": {
        "history": "^5.2.0"
      }
    },
    "react-router-dom": {
      "version": "6.3.0",
      "resolved": "https://registry.npmjs.org/react-router-dom/-/react-router-dom-6.3.0.tgz",
      "integrity": "sha512-uaJj7LKytRxZNQV8+RbzJWnJ8K2nPsOOEuX7aQstlMZKQT0164C+X2w6bnkqU3sjtLvpd5ojrezAyfZ1+0sStw==",
      "requires": {
        "history": "^5.2.0",
        "react-router": "6.3.0"
      }
    },
    "react-style-singleton": {
      "version": "2.2.1",
      "resolved": "https://registry.npmjs.org/react-style-singleton/-/react-style-singleton-2.2.1.tgz",
      "integrity": "sha512-ZWj0fHEMyWkHzKYUr2Bs/4zU6XLmq9HsgBURm7g5pAVfyn49DgUiNgY2d4lXRlYSiCif9YBGpQleewkcqddc7g==",
      "requires": {
        "get-nonce": "^1.0.0",
        "invariant": "^2.2.4",
        "tslib": "^2.0.0"
      }
    },
    "regenerator-runtime": {
      "version": "0.13.9",
      "resolved": "https://registry.npmjs.org/regenerator-runtime/-/regenerator-runtime-0.13.9.tgz",
      "integrity": "sha512-p3VT+cOEgxFsRRA9X4lkI1E+k2/CtnKtU4gcxyaCUreilL/vqI6CdZ3wxVUx3UOUg+gnUOQQcRI7BmSI656MYA=="
    },
    "tiny-invariant": {
      "version": "1.2.0",
      "resolved": "https://registry.npmjs.org/tiny-invariant/-/tiny-invariant-1.2.0.tgz",
      "integrity": "sha512-1Uhn/aqw5C6RI4KejVeTg6mIS7IqxnLJ8Mv2tV5rTc0qWobay7pDUz6Wi392Cnc8ak1H0F2cjoRzb2/AW4+Fvg=="
    },
    "toggle-selection": {
      "version": "1.0.6",
      "resolved": "https://registry.npmjs.org/toggle-selection/-/toggle-selection-1.0.6.tgz",
      "integrity": "sha512-BiZS+C1OS8g/q2RRbJmy59xpyghNBqrr6k5L/uKBGRsTfxmu3ffiRnd8mlGPUVayg8pvfi5urfnu8TU7DVOkLQ=="
    },
    "tslib": {
      "version": "2.4.0",
      "resolved": "https://registry.npmjs.org/tslib/-/tslib-2.4.0.tgz",
      "integrity": "sha512-d6xOpEDfsi2CZVlPQzGeux8XMwLT9hssAsaPYExaQMuYskwb+x1x7J371tWlbBdWHroy99KnVB6qIkUbs5X3UQ=="
    },
    "use-callback-ref": {
      "version": "1.3.0",
      "resolved": "https://registry.npmjs.org/use-callback-ref/-/use-callback-ref-1.3.0.tgz",
      "integrity": "sha512-3FT9PRuRdbB9HfXhEq35u4oZkvpJ5kuYbpqhCfmiZyReuRgpnhDlbr2ZEnnuS0RrJAPn6l23xjFg9kpDM+Ms7w==",
      "requires": {
        "tslib": "^2.0.0"
      }
    },
    "use-sidecar": {
      "version": "1.1.2",
      "resolved": "https://registry.npmjs.org/use-sidecar/-/use-sidecar-1.1.2.tgz",
      "integrity": "sha512-epTbsLuzZ7lPClpz2TyryBfztm7m+28DlEv2ZCQ3MDr5ssiwyOwGH/e5F9CkfWjJ1t4clvI58yF822/GUkjjhw==",
      "requires": {
        "detect-node-es": "^1.1.0",
        "tslib": "^2.0.0"
      }
    }
  }
}
